
Microsoft Visual Studio Solution File, Format Version 12.00
# Visual Studio 15
VisualStudioVersion = 15.0.28307.329
MinimumVisualStudioVersion = 10.0.40219.1
Project("{FAE04EC0-301F-11D3-BF4B-00C04F79EFBC}") = "CityPark.Android", "CityPark!\CityPark!.Android\CityPark.Android.csproj", "{9BF396D2-A29A-43C9-81EF-A918FB7A2A9C}"
EndProject
Project("{FAE04EC0-301F-11D3-BF4B-00C04F79EFBC}") = "CityPark.iOS", "CityPark!\CityPark!.iOS\CityPark.iOS.csproj", "{0F688725-46C4-45D5-A6DD-8ACE090D48DA}"
EndProject
Project("{9A19103F-16F7-4668-BE54-9A1E7A4F7556}") = "CityPark", "CityPark!\CityPark!\CityPark.csproj", "{DA6C6BEF-6B61-49FB-BBC7-854889CAEA6E}"
EndProject
Project("{2150E333-8FDC-42A3-9474-1A3956D46DE8}") = "Solution Items", "Solution Items", "{888C4DE5-3609-446A-BE50-F8F7513B2E34}"
	ProjectSection(SolutionItems) = preProject
		.gitignore = .gitignore
	EndProjectSection
EndProject
Global
	GlobalSection(SolutionConfigurationPlatforms) = preSolution
		Ad-Hoc|Any CPU = Ad-Hoc|Any CPU
		Ad-Hoc|iPhone = Ad-Hoc|iPhone
		Ad-Hoc|iPhoneSimulator = Ad-Hoc|iPhoneSimulator
		AppStore|Any CPU = AppStore|Any CPU
		AppStore|iPhone = AppStore|iPhone
		AppStore|iPhoneSimulator = AppStore|iPhoneSimulator
		Debug|Any CPU = Debug|Any CPU
		Debug|iPhone = Debug|iPhone
		Debug|iPhoneSimulator = Debug|iPhoneSimulator
		Release|Any CPU = Release|Any CPU
		Release|iPhone = Release|iPhone
		Release|iPhoneSimulator = Release|iPhoneSimulator
	EndGlobalSection
	GlobalSection(ProjectConfigurationPlatforms) = postSolution
		{9BF396D2-A29A-43C9-81EF-A918FB7A2A9C}.Ad-Hoc|Any CPU.ActiveCfg = Release|Any CPU
		{9BF396D2-A29A-43C9-81EF-A918FB7A2A9C}.Ad-Hoc|Any CPU.Build.0 = Release|Any CPU
		{9BF396D2-A29A-43C9-81EF-A918FB7A2A9C}.Ad-Hoc|Any CPU.Deploy.0 = Release|Any CPU
		{9BF396D2-A29A-43C9-81EF-A918FB7A2A9C}.Ad-Hoc|iPhone.ActiveCfg = Release|Any CPU
		{9BF396D2-A29A-43C9-81EF-A918FB7A2A9C}.Ad-Hoc|iPhone.Build.0 = Release|Any CPU
		{9BF396D2-A29A-43C9-81EF-A918FB7A2A9C}.Ad-Hoc|iPhone.Deploy.0 = Release|Any CPU
		{9BF396D2-A29A-43C9-81EF-A918FB7A2A9C}.Ad-Hoc|iPhoneSimulator.ActiveCfg = Release|Any CPU
		{9BF396D2-A29A-43C9-81EF-A918FB7A2A9C}.Ad-Hoc|iPhoneSimulator.Build.0 = Release|Any CPU
		{9BF396D2-A29A-43C9-81EF-A918FB7A2A9C}.Ad-Hoc|iPhoneSimulator.Deploy.0 = Release|Any CPU
		{9BF396D2-A29A-43C9-81EF-A918FB7A2A9C}.AppStore|Any CPU.ActiveCfg = Release|Any CPU
		{9BF396D2-A29A-43C9-81EF-A918FB7A2A9C}.AppStore|Any CPU.Build.0 = Release|Any CPU
		{9BF396D2-A29A-43C9-81EF-A918FB7A2A9C}.AppStore|Any CPU.Deploy.0 = Release|Any CPU
		{9BF396D2-A29A-43C9-81EF-A918FB7A2A9C}.AppStore|iPhone.ActiveCfg = Release|Any CPU
		{9BF396D2-A29A-43C9-81EF-A918FB7A2A9C}.AppStore|iPhone.Build.0 = Release|Any CPU
		{9BF396D2-A29A-43C9-81EF-A918FB7A2A9C}.AppStore|iPhone.Deploy.0 = Release|Any CPU
		{9BF396D2-A29A-43C9-81EF-A918FB7A2A9C}.AppStore|iPhoneSimulator.ActiveCfg = Release|Any CPU
		{9BF396D2-A29A-43C9-81EF-A918FB7A2A9C}.AppStore|iPhoneSimulator.Build.0 = Release|Any CPU
		{9BF396D2-A29A-43C9-81EF-A918FB7A2A9C}.AppStore|iPhoneSimulator.Deploy.0 = Release|Any CPU
		{9BF396D2-A29A-43C9-81EF-A918FB7A2A9C}.Debug|Any CPU.ActiveCfg = Debug|Any CPU
		{9BF396D2-A29A-43C9-81EF-A918FB7A2A9C}.Debug|Any CPU.Build.0 = Debug|Any CPU
		{9BF396D2-A29A-43C9-81EF-A918FB7A2A9C}.Debug|Any CPU.Deploy.0 = Debug|Any CPU
		{9BF396D2-A29A-43C9-81EF-A918FB7A2A9C}.Debug|iPhone.ActiveCfg = Debug|Any CPU
		{9BF396D2-A29A-43C9-81EF-A918FB7A2A9C}.Debug|iPhone.Build.0 = Debug|Any CPU
		{9BF396D2-A29A-43C9-81EF-A918FB7A2A9C}.Debug|iPhone.Deploy.0 = Debug|Any CPU
		{9BF396D2-A29A-43C9-81EF-A918FB7A2A9C}.Debug|iPhoneSimulator.ActiveCfg = Debug|Any CPU
		{9BF396D2-A29A-43C9-81EF-A918FB7A2A9C}.Debug|iPhoneSimulator.Build.0 = Debug|Any CPU
		{9BF396D2-A29A-43C9-81EF-A918FB7A2A9C}.Debug|iPhoneSimulator.Deploy.0 = Debug|Any CPU
		{9BF396D2-A29A-43C9-81EF-A918FB7A2A9C}.Release|Any CPU.ActiveCfg = Release|Any CPU
		{9BF396D2-A29A-43C9-81EF-A918FB7A2A9C}.Release|Any CPU.Build.0 = Release|Any CPU
		{9BF396D2-A29A-43C9-81EF-A918FB7A2A9C}.Release|Any CPU.Deploy.0 = Release|Any CPU
		{9BF396D2-A29A-43C9-81EF-A918FB7A2A9C}.Release|iPhone.ActiveCfg = Release|Any CPU
		{9BF396D2-A29A-43C9-81EF-A918FB7A2A9C}.Release|iPhone.Build.0 = Release|Any CPU
		{9BF396D2-A29A-43C9-81EF-A918FB7A2A9C}.Release|iPhone.Deploy.0 = Release|Any CPU
		{9BF396D2-A29A-43C9-81EF-A918FB7A2A9C}.Release|iPhoneSimulator.ActiveCfg = Release|Any CPU
		{9BF396D2-A29A-43C9-81EF-A918FB7A2A9C}.Release|iPhoneSimulator.Build.0 = Release|Any CPU
		{9BF396D2-A29A-43C9-81EF-A918FB7A2A9C}.Release|iPhoneSimulator.Deploy.0 = Release|Any CPU
		{0F688725-46C4-45D5-A6DD-8ACE090D48DA}.Ad-Hoc|Any CPU.ActiveCfg = Ad-Hoc|iPhone
		{0F688725-46C4-45D5-A6DD-8ACE090D48DA}.Ad-Hoc|Any CPU.Build.0 = Ad-Hoc|iPhone
		{0F688725-46C4-45D5-A6DD-8ACE090D48DA}.Ad-Hoc|Any CPU.Deploy.0 = Ad-Hoc|iPhone
		{0F688725-46C4-45D5-A6DD-8ACE090D48DA}.Ad-Hoc|iPhone.ActiveCfg = Ad-Hoc|iPhone
		{0F688725-46C4-45D5-A6DD-8ACE090D48DA}.Ad-Hoc|iPhone.Build.0 = Ad-Hoc|iPhone
		{0F688725-46C4-45D5-A6DD-8ACE090D48DA}.Ad-Hoc|iPhone.Deploy.0 = Ad-Hoc|iPhone
		{0F688725-46C4-45D5-A6DD-8ACE090D48DA}.Ad-Hoc|iPhoneSimulator.ActiveCfg = Ad-Hoc|iPhoneSimulator
		{0F688725-46C4-45D5-A6DD-8ACE090D48DA}.Ad-Hoc|iPhoneSimulator.Build.0 = Ad-Hoc|iPhoneSimulator
		{0F688725-46C4-45D5-A6DD-8ACE090D48DA}.Ad-Hoc|iPhoneSimulator.Deploy.0 = Ad-Hoc|iPhoneSimulator
		{0F688725-46C4-45D5-A6DD-8ACE090D48DA}.AppStore|Any CPU.ActiveCfg = AppStore|iPhone
		{0F688725-46C4-45D5-A6DD-8ACE090D48DA}.AppStore|Any CPU.Build.0 = AppStore|iPhone
		{0F688725-46C4-45D5-A6DD-8ACE090D48DA}.AppStore|Any CPU.Deploy.0 = AppStore|iPhone
		{0F688725-46C4-45D5-A6DD-8ACE090D48DA}.AppStore|iPhone.ActiveCfg = AppStore|iPhone
		{0F688725-46C4-45D5-A6DD-8ACE090D48DA}.AppStore|iPhone.Build.0 = AppStore|iPhone
		{0F688725-46C4-45D5-A6DD-8ACE090D48DA}.AppStore|iPhone.Deploy.0 = AppStore|iPhone
		{0F688725-46C4-45D5-A6DD-8ACE090D48DA}.AppStore|iPhoneSimulator.ActiveCfg = AppStore|iPhoneSimulator
		{0F688725-46C4-45D5-A6DD-8ACE090D48DA}.AppStore|iPhoneSimulator.Build.0 = AppStore|iPhoneSimulator
		{0F688725-46C4-45D5-A6DD-8ACE090D48DA}.AppStore|iPhoneSimulator.Deploy.0 = AppStore|iPhoneSimulator
		{0F688725-46C4-45D5-A6DD-8ACE090D48DA}.Debug|Any CPU.ActiveCfg = Debug|iPhoneSimulator
		{0F688725-46C4-45D5-A6DD-8ACE090D48DA}.Debug|Any CPU.Build.0 = Debug|iPhoneSimulator
		{0F688725-46C4-45D5-A6DD-8ACE090D48DA}.Debug|Any CPU.Deploy.0 = Debug|iPhoneSimulator
		{0F688725-46C4-45D5-A6DD-8ACE090D48DA}.Debug|iPhone.ActiveCfg = Debug|iPhone
		{0F688725-46C4-45D5-A6DD-8ACE090D48DA}.Debug|iPhone.Build.0 = Debug|iPhone
		{0F688725-46C4-45D5-A6DD-8ACE090D48DA}.Debug|iPhone.Deploy.0 = Debug|iPhone
		{0F688725-46C4-45D5-A6DD-8ACE090D48DA}.Debug|iPhoneSimulator.ActiveCfg = Debug|iPhoneSimulator
		{0F688725-46C4-45D5-A6DD-8ACE090D48DA}.Debug|iPhoneSimulator.Build.0 = Debug|iPhoneSimulator
		{0F688725-46C4-45D5-A6DD-8ACE090D48DA}.Debug|iPhoneSimulator.Deploy.0 = Debug|iPhoneSimulator
		{0F688725-46C4-45D5-A6DD-8ACE090D48DA}.Release|Any CPU.ActiveCfg = Release|iPhone
		{0F688725-46C4-45D5-A6DD-8ACE090D48DA}.Release|Any CPU.Build.0 = Release|iPhone
		{0F688725-46C4-45D5-A6DD-8ACE090D48DA}.Release|Any CPU.Deploy.0 = Release|iPhone
		{0F688725-46C4-45D5-A6DD-8ACE090D48DA}.Release|iPhone.ActiveCfg = Release|iPhone
		{0F688725-46C4-45D5-A6DD-8ACE090D48DA}.Release|iPhone.Build.0 = Release|iPhone
		{0F688725-46C4-45D5-A6DD-8ACE090D48DA}.Release|iPhone.Deploy.0 = Release|iPhone
		{0F688725-46C4-45D5-A6DD-8ACE090D48DA}.Release|iPhoneSimulator.ActiveCfg = Release|iPhoneSimulator
		{0F688725-46C4-45D5-A6DD-8ACE090D48DA}.Release|iPhoneSimulator.Build.0 = Release|iPhoneSimulator
		{0F688725-46C4-45D5-A6DD-8ACE090D48DA}.Release|iPhoneSimulator.Deploy.0 = Release|iPhoneSimulator
		{DA6C6BEF-6B61-49FB-BBC7-854889CAEA6E}.Ad-Hoc|Any CPU.ActiveCfg = Debug|Any CPU
		{DA6C6BEF-6B61-49FB-BBC7-854889CAEA6E}.Ad-Hoc|Any CPU.Build.0 = Debug|Any CPU
		{DA6C6BEF-6B61-49FB-BBC7-854889CAEA6E}.Ad-Hoc|Any CPU.Deploy.0 = Debug|Any CPU
		{DA6C6BEF-6B61-49FB-BBC7-854889CAEA6E}.Ad-Hoc|iPhone.ActiveCfg = Debug|Any CPU
		{DA6C6BEF-6B61-49FB-BBC7-854889CAEA6E}.Ad-Hoc|iPhone.Build.0 = Debug|Any CPU
		{DA6C6BEF-6B61-49FB-BBC7-854889CAEA6E}.Ad-Hoc|iPhone.Deploy.0 = Debug|Any CPU
		{DA6C6BEF-6B61-49FB-BBC7-854889CAEA6E}.Ad-Hoc|iPhoneSimulator.ActiveCfg = Debug|Any CPU
		{DA6C6BEF-6B61-49FB-BBC7-854889CAEA6E}.Ad-Hoc|iPhoneSimulator.Build.0 = Debug|Any CPU
		{DA6C6BEF-6B61-49FB-BBC7-854889CAEA6E}.Ad-Hoc|iPhoneSimulator.Deploy.0 = Debug|Any CPU
		{DA6C6BEF-6B61-49FB-BBC7-854889CAEA6E}.AppStore|Any CPU.ActiveCfg = Debug|Any CPU
		{DA6C6BEF-6B61-49FB-BBC7-854889CAEA6E}.AppStore|Any CPU.Build.0 = Debug|Any CPU
		{DA6C6BEF-6B61-49FB-BBC7-854889CAEA6E}.AppStore|Any CPU.Deploy.0 = Debug|Any CPU
		{DA6C6BEF-6B61-49FB-BBC7-854889CAEA6E}.AppStore|iPhone.ActiveCfg = Debug|Any CPU
		{DA6C6BEF-6B61-49FB-BBC7-854889CAEA6E}.AppStore|iPhone.Build.0 = Debug|Any CPU
		{DA6C6BEF-6B61-49FB-BBC7-854889CAEA6E}.AppStore|iPhone.Deploy.0 = Debug|Any CPU
		{DA6C6BEF-6B61-49FB-BBC7-854889CAEA6E}.AppStore|iPhoneSimulator.ActiveCfg = Debug|Any CPU
		{DA6C6BEF-6B61-49FB-BBC7-854889CAEA6E}.AppStore|iPhoneSimulator.Build.0 = Debug|Any CPU
		{DA6C6BEF-6B61-49FB-BBC7-854889CAEA6E}.AppStore|iPhoneSimulator.Deploy.0 = Debug|Any CPU
		{DA6C6BEF-6B61-49FB-BBC7-854889CAEA6E}.Debug|Any CPU.ActiveCfg = Debug|Any CPU
		{DA6C6BEF-6B61-49FB-BBC7-854889CAEA6E}.Debug|Any CPU.Build.0 = Debug|Any CPU
		{DA6C6BEF-6B61-49FB-BBC7-854889CAEA6E}.Debug|Any CPU.Deploy.0 = Debug|Any CPU
		{DA6C6BEF-6B61-49FB-BBC7-854889CAEA6E}.Debug|iPhone.ActiveCfg = Debug|Any CPU
		{DA6C6BEF-6B61-49FB-BBC7-854889CAEA6E}.Debug|iPhone.Build.0 = Debug|Any CPU
		{DA6C6BEF-6B61-49FB-BBC7-854889CAEA6E}.Debug|iPhone.Deploy.0 = Debug|Any CPU
		{DA6C6BEF-6B61-49FB-BBC7-854889CAEA6E}.Debug|iPhoneSimulator.ActiveCfg = Debug|Any CPU
		{DA6C6BEF-6B61-49FB-BBC7-854889CAEA6E}.Debug|iPhoneSimulator.Build.0 = Debug|Any CPU
		{DA6C6BEF-6B61-49FB-BBC7-854889CAEA6E}.Debug|iPhoneSimulator.Deploy.0 = Debug|Any CPU
		{DA6C6BEF-6B61-49FB-BBC7-854889CAEA6E}.Release|Any CPU.ActiveCfg = Release|Any CPU
		{DA6C6BEF-6B61-49FB-BBC7-854889CAEA6E}.Release|Any CPU.Build.0 = Release|Any CPU
		{DA6C6BEF-6B61-49FB-BBC7-854889CAEA6E}.Release|Any CPU.Deploy.0 = Release|Any CPU
		{DA6C6BEF-6B61-49FB-BBC7-854889CAEA6E}.Release|iPhone.ActiveCfg = Release|Any CPU
		{DA6C6BEF-6B61-49FB-BBC7-854889CAEA6E}.Release|iPhone.Build.0 = Release|Any CPU
		{DA6C6BEF-6B61-49FB-BBC7-854889CAEA6E}.Release|iPhone.Deploy.0 = Release|Any CPU
		{DA6C6BEF-6B61-49FB-BBC7-854889CAEA6E}.Release|iPhoneSimulator.ActiveCfg = Release|Any CPU
		{DA6C6BEF-6B61-49FB-BBC7-854889CAEA6E}.Release|iPhoneSimulator.Build.0 = Release|Any CPU
		{DA6C6BEF-6B61-49FB-BBC7-854889CAEA6E}.Release|iPhoneSimulator.Deploy.0 = Release|Any CPU
	EndGlobalSection
	GlobalSection(SolutionProperties) = preSolution
		HideSolutionNode = FALSE
	EndGlobalSection
	GlobalSection(ExtensibilityGlobals) = postSolution
		SolutionGuid = {8304774F-23B1-4EF3-A939-92EFDCB8BE34}
	EndGlobalSection
EndGlobal
